
Microsoft Visual Studio Solution File, Format Version 12.00
Project("{FAE04EC0-301F-11D3-BF4B-00C04F79EFBC}") = "Komatik", "Komatik\Komatik.csproj", "{F3B0CCCE-DEF0-46DE-93D4-ABC1621955A4}"
EndProject
Global
	GlobalSection(SolutionConfigurationPlatforms) = preSolution
		Debug|Any CPU = Debug|Any CPU
		Release|Any CPU = Release|Any CPU
	EndGlobalSection
	GlobalSection(ProjectConfigurationPlatforms) = postSolution
		{F3B0CCCE-DEF0-46DE-93D4-ABC1621955A4}.Debug|Any CPU.ActiveCfg = Debug|Any CPU
		{F3B0CCCE-DEF0-46DE-93D4-ABC1621955A4}.Debug|Any CPU.Build.0 = Debug|Any CPU
		{F3B0CCCE-DEF0-46DE-93D4-ABC1621955A4}.Release|Any CPU.ActiveCfg = Release|Any CPU
		{F3B0CCCE-DEF0-46DE-93D4-ABC1621955A4}.Release|Any CPU.Build.0 = Release|Any CPU
	EndGlobalSection
EndGlobal
